// !$*UTF8*$!
{
	archiveVersion = 1;
	classes = {
	};
	objectVersion = 56;
	objects = {

/* Begin PBXBuildFile section */
		8A4F2C1B29A5C52C0038E18B /* StorageClient.swift in Sources */ = {isa = PBXBuildFile; fileRef = 8A4F2C1A29A5C52C0038E18B /* StorageClient.swift */; };
		8A4F2C1D29A5C5370038E18B /* StorageClient+Memory.swift in Sources */ = {isa = PBXBuildFile; fileRef = 8A4F2C1C29A5C5370038E18B /* StorageClient+Memory.swift */; };
		8A4F2C1F29A5C53F0038E18B /* StorageClient+UserDefaults.swift in Sources */ = {isa = PBXBuildFile; fileRef = 8A4F2C1E29A5C53F0038E18B /* StorageClient+UserDefaults.swift */; };
		8A4F2C2229A5C5C50038E18B /* TodoListViewFeature+View.swift in Sources */ = {isa = PBXBuildFile; fileRef = 8A4F2C2129A5C5C50038E18B /* TodoListViewFeature+View.swift */; };
		8A4F2C2529A5C5F10038E18B /* TodoView.swift in Sources */ = {isa = PBXBuildFile; fileRef = 8A4F2C2429A5C5F10038E18B /* TodoView.swift */; };
		8A4F2C2829A5C6400038E18B /* Todo.swift in Sources */ = {isa = PBXBuildFile; fileRef = 8A4F2C2729A5C6400038E18B /* Todo.swift */; };
		8A4F2C2A29A5C6D30038E18B /* TodoListModel.swift in Sources */ = {isa = PBXBuildFile; fileRef = 8A4F2C2929A5C6D30038E18B /* TodoListModel.swift */; };
		8A5428D329A56B390003482D /* TodosApp.swift in Sources */ = {isa = PBXBuildFile; fileRef = 8A5428D229A56B390003482D /* TodosApp.swift */; };
		8A5428D529A56B390003482D /* ContentView.swift in Sources */ = {isa = PBXBuildFile; fileRef = 8A5428D429A56B390003482D /* ContentView.swift */; };
		8A5428D729A56B390003482D /* Assets.xcassets in Resources */ = {isa = PBXBuildFile; fileRef = 8A5428D629A56B390003482D /* Assets.xcassets */; };
		8A5428DA29A56B390003482D /* Preview Assets.xcassets in Resources */ = {isa = PBXBuildFile; fileRef = 8A5428D929A56B390003482D /* Preview Assets.xcassets */; };
		8A5428E429A56B390003482D /* TodosTests.swift in Sources */ = {isa = PBXBuildFile; fileRef = 8A5428E329A56B390003482D /* TodosTests.swift */; };
		8A54290029A570960003482D /* IdentifiedCollections in Frameworks */ = {isa = PBXBuildFile; productRef = 8A5428FF29A570960003482D /* IdentifiedCollections */; };
		8A54290329A574B40003482D /* Tagged in Frameworks */ = {isa = PBXBuildFile; productRef = 8A54290229A574B40003482D /* Tagged */; };
/* End PBXBuildFile section */

/* Begin PBXContainerItemProxy section */
		8A5428E029A56B390003482D /* PBXContainerItemProxy */ = {
			isa = PBXContainerItemProxy;
			containerPortal = 8A5428C729A56B380003482D /* Project object */;
			proxyType = 1;
			remoteGlobalIDString = 8A5428CE29A56B390003482D;
			remoteInfo = Todos;
		};
/* End PBXContainerItemProxy section */

/* Begin PBXFileReference section */
		8A4F2C1A29A5C52C0038E18B /* StorageClient.swift */ = {isa = PBXFileReference; lastKnownFileType = sourcecode.swift; path = StorageClient.swift; sourceTree = "<group>"; };
		8A4F2C1C29A5C5370038E18B /* StorageClient+Memory.swift */ = {isa = PBXFileReference; lastKnownFileType = sourcecode.swift; path = "StorageClient+Memory.swift"; sourceTree = "<group>"; };
		8A4F2C1E29A5C53F0038E18B /* StorageClient+UserDefaults.swift */ = {isa = PBXFileReference; lastKnownFileType = sourcecode.swift; path = "StorageClient+UserDefaults.swift"; sourceTree = "<group>"; };
		8A4F2C2129A5C5C50038E18B /* TodoListViewFeature+View.swift */ = {isa = PBXFileReference; lastKnownFileType = sourcecode.swift; path = "TodoListViewFeature+View.swift"; sourceTree = "<group>"; };
		8A4F2C2429A5C5F10038E18B /* TodoView.swift */ = {isa = PBXFileReference; lastKnownFileType = sourcecode.swift; path = TodoView.swift; sourceTree = "<group>"; };
		8A4F2C2729A5C6400038E18B /* Todo.swift */ = {isa = PBXFileReference; lastKnownFileType = sourcecode.swift; path = Todo.swift; sourceTree = "<group>"; };
		8A4F2C2929A5C6D30038E18B /* TodoListModel.swift */ = {isa = PBXFileReference; lastKnownFileType = sourcecode.swift; path = TodoListModel.swift; sourceTree = "<group>"; };
		8A5428CF29A56B390003482D /* Todos.app */ = {isa = PBXFileReference; explicitFileType = wrapper.application; includeInIndex = 0; path = Todos.app; sourceTree = BUILT_PRODUCTS_DIR; };
		8A5428D229A56B390003482D /* TodosApp.swift */ = {isa = PBXFileReference; lastKnownFileType = sourcecode.swift; path = TodosApp.swift; sourceTree = "<group>"; };
		8A5428D429A56B390003482D /* ContentView.swift */ = {isa = PBXFileReference; lastKnownFileType = sourcecode.swift; path = ContentView.swift; sourceTree = "<group>"; };
		8A5428D629A56B390003482D /* Assets.xcassets */ = {isa = PBXFileReference; lastKnownFileType = folder.assetcatalog; path = Assets.xcassets; sourceTree = "<group>"; };
		8A5428D929A56B390003482D /* Preview Assets.xcassets */ = {isa = PBXFileReference; lastKnownFileType = folder.assetcatalog; path = "Preview Assets.xcassets"; sourceTree = "<group>"; };
		8A5428DF29A56B390003482D /* TodosTests.xctest */ = {isa = PBXFileReference; explicitFileType = wrapper.cfbundle; includeInIndex = 0; path = TodosTests.xctest; sourceTree = BUILT_PRODUCTS_DIR; };
		8A5428E329A56B390003482D /* TodosTests.swift */ = {isa = PBXFileReference; lastKnownFileType = sourcecode.swift; path = TodosTests.swift; sourceTree = "<group>"; };
/* End PBXFileReference section */

/* Begin PBXFrameworksBuildPhase section */
		8A5428CC29A56B390003482D /* Frameworks */ = {
			isa = PBXFrameworksBuildPhase;
			buildActionMask = 2147483647;
			files = (
				8A54290329A574B40003482D /* Tagged in Frameworks */,
				8A54290029A570960003482D /* IdentifiedCollections in Frameworks */,
			);
			runOnlyForDeploymentPostprocessing = 0;
		};
		8A5428DC29A56B390003482D /* Frameworks */ = {
			isa = PBXFrameworksBuildPhase;
			buildActionMask = 2147483647;
			files = (
			);
			runOnlyForDeploymentPostprocessing = 0;
		};
/* End PBXFrameworksBuildPhase section */

/* Begin PBXGroup section */
		8A4F2C1929A5C5210038E18B /* StorageClient */ = {
			isa = PBXGroup;
			children = (
				8A4F2C1A29A5C52C0038E18B /* StorageClient.swift */,
				8A4F2C1C29A5C5370038E18B /* StorageClient+Memory.swift */,
				8A4F2C1E29A5C53F0038E18B /* StorageClient+UserDefaults.swift */,
			);
			path = StorageClient;
			sourceTree = "<group>";
		};
		8A4F2C2029A5C5B30038E18B /* TodoListViewFeature */ = {
			isa = PBXGroup;
			children = (
				8A4F2C2329A5C5E70038E18B /* Components */,
				8A4F2C2129A5C5C50038E18B /* TodoListViewFeature+View.swift */,
				8A4F2C2929A5C6D30038E18B /* TodoListModel.swift */,
			);
			path = TodoListViewFeature;
			sourceTree = "<group>";
		};
		8A4F2C2329A5C5E70038E18B /* Components */ = {
			isa = PBXGroup;
			children = (
				8A4F2C2429A5C5F10038E18B /* TodoView.swift */,
			);
			path = Components;
			sourceTree = "<group>";
		};
		8A4F2C2629A5C6320038E18B /* Models */ = {
			isa = PBXGroup;
			children = (
				8A4F2C2729A5C6400038E18B /* Todo.swift */,
			);
			path = Models;
			sourceTree = "<group>";
		};
		8A5428C629A56B380003482D = {
			isa = PBXGroup;
			children = (
				8A5428D129A56B390003482D /* Todos */,
				8A5428E229A56B390003482D /* TodosTests */,
				8A5428D029A56B390003482D /* Products */,
			);
			sourceTree = "<group>";
		};
		8A5428D029A56B390003482D /* Products */ = {
			isa = PBXGroup;
			children = (
				8A5428CF29A56B390003482D /* Todos.app */,
				8A5428DF29A56B390003482D /* TodosTests.xctest */,
			);
			name = Products;
			sourceTree = "<group>";
		};
		8A5428D129A56B390003482D /* Todos */ = {
			isa = PBXGroup;
			children = (
				8A4F2C2629A5C6320038E18B /* Models */,
				8A4F2C2029A5C5B30038E18B /* TodoListViewFeature */,
				8A4F2C1929A5C5210038E18B /* StorageClient */,
				8A5428D229A56B390003482D /* TodosApp.swift */,
				8A5428D429A56B390003482D /* ContentView.swift */,
				8A5428D629A56B390003482D /* Assets.xcassets */,
				8A5428D829A56B390003482D /* Preview Content */,
			);
			path = Todos;
			sourceTree = "<group>";
		};
		8A5428D829A56B390003482D /* Preview Content */ = {
			isa = PBXGroup;
			children = (
				8A5428D929A56B390003482D /* Preview Assets.xcassets */,
			);
			path = "Preview Content";
			sourceTree = "<group>";
		};
		8A5428E229A56B390003482D /* TodosTests */ = {
			isa = PBXGroup;
			children = (
				8A5428E329A56B390003482D /* TodosTests.swift */,
			);
			path = TodosTests;
			sourceTree = "<group>";
		};
/* End PBXGroup section */

/* Begin PBXNativeTarget section */
		8A5428CE29A56B390003482D /* Todos */ = {
			isa = PBXNativeTarget;
			buildConfigurationList = 8A5428F329A56B390003482D /* Build configuration list for PBXNativeTarget "Todos" */;
			buildPhases = (
				8A5428CB29A56B390003482D /* Sources */,
				8A5428CC29A56B390003482D /* Frameworks */,
				8A5428CD29A56B390003482D /* Resources */,
			);
			buildRules = (
			);
			dependencies = (
			);
			name = Todos;
			packageProductDependencies = (
				8A5428FF29A570960003482D /* IdentifiedCollections */,
				8A54290229A574B40003482D /* Tagged */,
			);
			productName = Todos;
			productReference = 8A5428CF29A56B390003482D /* Todos.app */;
			productType = "com.apple.product-type.application";
		};
		8A5428DE29A56B390003482D /* TodosTests */ = {
			isa = PBXNativeTarget;
			buildConfigurationList = 8A5428F629A56B390003482D /* Build configuration list for PBXNativeTarget "TodosTests" */;
			buildPhases = (
				8A5428DB29A56B390003482D /* Sources */,
				8A5428DC29A56B390003482D /* Frameworks */,
				8A5428DD29A56B390003482D /* Resources */,
			);
			buildRules = (
			);
			dependencies = (
				8A5428E129A56B390003482D /* PBXTargetDependency */,
			);
			name = TodosTests;
			productName = TodosTests;
			productReference = 8A5428DF29A56B390003482D /* TodosTests.xctest */;
			productType = "com.apple.product-type.bundle.unit-test";
		};
/* End PBXNativeTarget section */

/* Begin PBXProject section */
		8A5428C729A56B380003482D /* Project object */ = {
			isa = PBXProject;
			attributes = {
				BuildIndependentTargetsInParallel = 1;
				LastSwiftUpdateCheck = 1420;
				LastUpgradeCheck = 1420;
				TargetAttributes = {
					8A5428CE29A56B390003482D = {
						CreatedOnToolsVersion = 14.2;
					};
					8A5428DE29A56B390003482D = {
						CreatedOnToolsVersion = 14.2;
						TestTargetID = 8A5428CE29A56B390003482D;
					};
				};
			};
			buildConfigurationList = 8A5428CA29A56B380003482D /* Build configuration list for PBXProject "Todos" */;
			compatibilityVersion = "Xcode 14.0";
			developmentRegion = en;
			hasScannedForEncodings = 0;
			knownRegions = (
				en,
				Base,
			);
			mainGroup = 8A5428C629A56B380003482D;
			packageReferences = (
				8A5428FE29A570960003482D /* XCRemoteSwiftPackageReference "swift-identified-collections" */,
				8A54290129A574B40003482D /* XCRemoteSwiftPackageReference "swift-tagged" */,
			);
			productRefGroup = 8A5428D029A56B390003482D /* Products */;
			projectDirPath = "";
			projectRoot = "";
			targets = (
				8A5428CE29A56B390003482D /* Todos */,
				8A5428DE29A56B390003482D /* TodosTests */,
			);
		};
/* End PBXProject section */

/* Begin PBXResourcesBuildPhase section */
		8A5428CD29A56B390003482D /* Resources */ = {
			isa = PBXResourcesBuildPhase;
			buildActionMask = 2147483647;
			files = (
				8A5428DA29A56B390003482D /* Preview Assets.xcassets in Resources */,
				8A5428D729A56B390003482D /* Assets.xcassets in Resources */,
			);
			runOnlyForDeploymentPostprocessing = 0;
		};
		8A5428DD29A56B390003482D /* Resources */ = {
			isa = PBXResourcesBuildPhase;
			buildActionMask = 2147483647;
			files = (
			);
			runOnlyForDeploymentPostprocessing = 0;
		};
/* End PBXResourcesBuildPhase section */

/* Begin PBXSourcesBuildPhase section */
		8A5428CB29A56B390003482D /* Sources */ = {
			isa = PBXSourcesBuildPhase;
			buildActionMask = 2147483647;
			files = (
				8A5428D529A56B390003482D /* ContentView.swift in Sources */,
				8A5428D329A56B390003482D /* TodosApp.swift in Sources */,
				8A4F2C2529A5C5F10038E18B /* TodoView.swift in Sources */,
				8A4F2C1F29A5C53F0038E18B /* StorageClient+UserDefaults.swift in Sources */,
				8A4F2C2829A5C6400038E18B /* Todo.swift in Sources */,
				8A4F2C2A29A5C6D30038E18B /* TodoListModel.swift in Sources */,
				8A4F2C1D29A5C5370038E18B /* StorageClient+Memory.swift in Sources */,
				8A4F2C1B29A5C52C0038E18B /* StorageClient.swift in Sources */,
				8A4F2C2229A5C5C50038E18B /* TodoListViewFeature+View.swift in Sources */,
			);
			runOnlyForDeploymentPostprocessing = 0;
		};
		8A5428DB29A56B390003482D /* Sources */ = {
			isa = PBXSourcesBuildPhase;
			buildActionMask = 2147483647;
			files = (
				8A5428E429A56B390003482D /* TodosTests.swift in Sources */,
			);
			runOnlyForDeploymentPostprocessing = 0;
		};
/* End PBXSourcesBuildPhase section */

/* Begin PBXTargetDependency section */
		8A5428E129A56B390003482D /* PBXTargetDependency */ = {
			isa = PBXTargetDependency;
			target = 8A5428CE29A56B390003482D /* Todos */;
			targetProxy = 8A5428E029A56B390003482D /* PBXContainerItemProxy */;
		};
/* End PBXTargetDependency section */

/* Begin XCBuildConfiguration section */
		8A5428F129A56B390003482D /* Debug */ = {
			isa = XCBuildConfiguration;
			buildSettings = {
				ALWAYS_SEARCH_USER_PATHS = NO;
				CLANG_ANALYZER_NONNULL = YES;
				CLANG_ANALYZER_NUMBER_OBJECT_CONVERSION = YES_AGGRESSIVE;
				CLANG_CXX_LANGUAGE_STANDARD = "gnu++20";
				CLANG_ENABLE_MODULES = YES;
				CLANG_ENABLE_OBJC_ARC = YES;
				CLANG_ENABLE_OBJC_WEAK = YES;
				CLANG_WARN_BLOCK_CAPTURE_AUTORELEASING = YES;
				CLANG_WARN_BOOL_CONVERSION = YES;
				CLANG_WARN_COMMA = YES;
				CLANG_WARN_CONSTANT_CONVERSION = YES;
				CLANG_WARN_DEPRECATED_OBJC_IMPLEMENTATIONS = YES;
				CLANG_WARN_DIRECT_OBJC_ISA_USAGE = YES_ERROR;
				CLANG_WARN_DOCUMENTATION_COMMENTS = YES;
				CLANG_WARN_EMPTY_BODY = YES;
				CLANG_WARN_ENUM_CONVERSION = YES;
				CLANG_WARN_INFINITE_RECURSION = YES;
				CLANG_WARN_INT_CONVERSION = YES;
				CLANG_WARN_NON_LITERAL_NULL_CONVERSION = YES;
				CLANG_WARN_OBJC_IMPLICIT_RETAIN_SELF = YES;
				CLANG_WARN_OBJC_LITERAL_CONVERSION = YES;
				CLANG_WARN_OBJC_ROOT_CLASS = YES_ERROR;
				CLANG_WARN_QUOTED_INCLUDE_IN_FRAMEWORK_HEADER = YES;
				CLANG_WARN_RANGE_LOOP_ANALYSIS = YES;
				CLANG_WARN_STRICT_PROTOTYPES = YES;
				CLANG_WARN_SUSPICIOUS_MOVE = YES;
				CLANG_WARN_UNGUARDED_AVAILABILITY = YES_AGGRESSIVE;
				CLANG_WARN_UNREACHABLE_CODE = YES;
				CLANG_WARN__DUPLICATE_METHOD_MATCH = YES;
				COPY_PHASE_STRIP = NO;
				DEBUG_INFORMATION_FORMAT = dwarf;
				ENABLE_STRICT_OBJC_MSGSEND = YES;
				ENABLE_TESTABILITY = YES;
				GCC_C_LANGUAGE_STANDARD = gnu11;
				GCC_DYNAMIC_NO_PIC = NO;
				GCC_NO_COMMON_BLOCKS = YES;
				GCC_OPTIMIZATION_LEVEL = 0;
				GCC_PREPROCESSOR_DEFINITIONS = (
					"DEBUG=1",
					"$(inherited)",
				);
				GCC_WARN_64_TO_32_BIT_CONVERSION = YES;
				GCC_WARN_ABOUT_RETURN_TYPE = YES_ERROR;
				GCC_WARN_UNDECLARED_SELECTOR = YES;
				GCC_WARN_UNINITIALIZED_AUTOS = YES_AGGRESSIVE;
				GCC_WARN_UNUSED_FUNCTION = YES;
				GCC_WARN_UNUSED_VARIABLE = YES;
				IPHONEOS_DEPLOYMENT_TARGET = 16.2;
				MTL_ENABLE_DEBUG_INFO = INCLUDE_SOURCE;
				MTL_FAST_MATH = YES;
				ONLY_ACTIVE_ARCH = YES;
				SDKROOT = iphoneos;
				SWIFT_ACTIVE_COMPILATION_CONDITIONS = DEBUG;
				SWIFT_OPTIMIZATION_LEVEL = "-Onone";
			};
			name = Debug;
		};
		8A5428F229A56B390003482D /* Release */ = {
			isa = XCBuildConfiguration;
			buildSettings = {
				ALWAYS_SEARCH_USER_PATHS = NO;
				CLANG_ANALYZER_NONNULL = YES;
				CLANG_ANALYZER_NUMBER_OBJECT_CONVERSION = YES_AGGRESSIVE;
				CLANG_CXX_LANGUAGE_STANDARD = "gnu++20";
				CLANG_ENABLE_MODULES = YES;
				CLANG_ENABLE_OBJC_ARC = YES;
				CLANG_ENABLE_OBJC_WEAK = YES;
				CLANG_WARN_BLOCK_CAPTURE_AUTORELEASING = YES;
				CLANG_WARN_BOOL_CONVERSION = YES;
				CLANG_WARN_COMMA = YES;
				CLANG_WARN_CONSTANT_CONVERSION = YES;
				CLANG_WARN_DEPRECATED_OBJC_IMPLEMENTATIONS = YES;
				CLANG_WARN_DIRECT_OBJC_ISA_USAGE = YES_ERROR;
				CLANG_WARN_DOCUMENTATION_COMMENTS = YES;
				CLANG_WARN_EMPTY_BODY = YES;
				CLANG_WARN_ENUM_CONVERSION = YES;
				CLANG_WARN_INFINITE_RECURSION = YES;
				CLANG_WARN_INT_CONVERSION = YES;
				CLANG_WARN_NON_LITERAL_NULL_CONVERSION = YES;
				CLANG_WARN_OBJC_IMPLICIT_RETAIN_SELF = YES;
				CLANG_WARN_OBJC_LITERAL_CONVERSION = YES;
				CLANG_WARN_OBJC_ROOT_CLASS = YES_ERROR;
				CLANG_WARN_QUOTED_INCLUDE_IN_FRAMEWORK_HEADER = YES;
				CLANG_WARN_RANGE_LOOP_ANALYSIS = YES;
				CLANG_WARN_STRICT_PROTOTYPES = YES;
				CLANG_WARN_SUSPICIOUS_MOVE = YES;
				CLANG_WARN_UNGUARDED_AVAILABILITY = YES_AGGRESSIVE;
				CLANG_WARN_UNREACHABLE_CODE = YES;
				CLANG_WARN__DUPLICATE_METHOD_MATCH = YES;
				COPY_PHASE_STRIP = NO;
				DEBUG_INFORMATION_FORMAT = "dwarf-with-dsym";
				ENABLE_NS_ASSERTIONS = NO;
				ENABLE_STRICT_OBJC_MSGSEND = YES;
				GCC_C_LANGUAGE_STANDARD = gnu11;
				GCC_NO_COMMON_BLOCKS = YES;
				GCC_WARN_64_TO_32_BIT_CONVERSION = YES;
				GCC_WARN_ABOUT_RETURN_TYPE = YES_ERROR;
				GCC_WARN_UNDECLARED_SELECTOR = YES;
				GCC_WARN_UNINITIALIZED_AUTOS = YES_AGGRESSIVE;
				GCC_WARN_UNUSED_FUNCTION = YES;
				GCC_WARN_UNUSED_VARIABLE = YES;
				IPHONEOS_DEPLOYMENT_TARGET = 16.2;
				MTL_ENABLE_DEBUG_INFO = NO;
				MTL_FAST_MATH = YES;
				SDKROOT = iphoneos;
				SWIFT_COMPILATION_MODE = wholemodule;
				SWIFT_OPTIMIZATION_LEVEL = "-O";
				VALIDATE_PRODUCT = YES;
			};
			name = Release;
		};
		8A5428F429A56B390003482D /* Debug */ = {
			isa = XCBuildConfiguration;
			buildSettings = {
				ASSETCATALOG_COMPILER_APPICON_NAME = AppIcon;
				ASSETCATALOG_COMPILER_GLOBAL_ACCENT_COLOR_NAME = AccentColor;
				CODE_SIGN_STYLE = Automatic;
				CURRENT_PROJECT_VERSION = 1;
				DEVELOPMENT_ASSET_PATHS = "\"Todos/Preview Content\"";
				ENABLE_PREVIEWS = YES;
				GENERATE_INFOPLIST_FILE = YES;
				INFOPLIST_KEY_UIApplicationSceneManifest_Generation = YES;
				INFOPLIST_KEY_UIApplicationSupportsIndirectInputEvents = YES;
				INFOPLIST_KEY_UILaunchScreen_Generation = YES;
				INFOPLIST_KEY_UISupportedInterfaceOrientations_iPad = "UIInterfaceOrientationPortrait UIInterfaceOrientationPortraitUpsideDown UIInterfaceOrientationLandscapeLeft UIInterfaceOrientationLandscapeRight";
				INFOPLIST_KEY_UISupportedInterfaceOrientations_iPhone = "UIInterfaceOrientationPortrait UIInterfaceOrientationLandscapeLeft UIInterfaceOrientationLandscapeRight";
				LD_RUNPATH_SEARCH_PATHS = (
					"$(inherited)",
					"@executable_path/Frameworks",
				);
				MARKETING_VERSION = 1.0;
				PRODUCT_BUNDLE_IDENTIFIER = peteralt.Todos;
				PRODUCT_NAME = "$(TARGET_NAME)";
				SWIFT_EMIT_LOC_STRINGS = YES;
				SWIFT_VERSION = 5.0;
				TARGETED_DEVICE_FAMILY = "1,2";
			};
			name = Debug;
		};
		8A5428F529A56B390003482D /* Release */ = {
			isa = XCBuildConfiguration;
			buildSettings = {
				ASSETCATALOG_COMPILER_APPICON_NAME = AppIcon;
				ASSETCATALOG_COMPILER_GLOBAL_ACCENT_COLOR_NAME = AccentColor;
				CODE_SIGN_STYLE = Automatic;
				CURRENT_PROJECT_VERSION = 1;
				DEVELOPMENT_ASSET_PATHS = "\"Todos/Preview Content\"";
				ENABLE_PREVIEWS = YES;
				GENERATE_INFOPLIST_FILE = YES;
				INFOPLIST_KEY_UIApplicationSceneManifest_Generation = YES;
				INFOPLIST_KEY_UIApplicationSupportsIndirectInputEvents = YES;
				INFOPLIST_KEY_UILaunchScreen_Generation = YES;
				INFOPLIST_KEY_UISupportedInterfaceOrientations_iPad = "UIInterfaceOrientationPortrait UIInterfaceOrientationPortraitUpsideDown UIInterfaceOrientationLandscapeLeft UIInterfaceOrientationLandscapeRight";
				INFOPLIST_KEY_UISupportedInterfaceOrientations_iPhone = "UIInterfaceOrientationPortrait UIInterfaceOrientationLandscapeLeft UIInterfaceOrientationLandscapeRight";
				LD_RUNPATH_SEARCH_PATHS = (
					"$(inherited)",
					"@executable_path/Frameworks",
				);
				MARKETING_VERSION = 1.0;
				PRODUCT_BUNDLE_IDENTIFIER = peteralt.Todos;
				PRODUCT_NAME = "$(TARGET_NAME)";
				SWIFT_EMIT_LOC_STRINGS = YES;
				SWIFT_VERSION = 5.0;
				TARGETED_DEVICE_FAMILY = "1,2";
			};
			name = Release;
		};
		8A5428F729A56B390003482D /* Debug */ = {
			isa = XCBuildConfiguration;
			buildSettings = {
				ALWAYS_EMBED_SWIFT_STANDARD_LIBRARIES = YES;
				BUNDLE_LOADER = "$(TEST_HOST)";
				CODE_SIGN_STYLE = Automatic;
				CURRENT_PROJECT_VERSION = 1;
				GENERATE_INFOPLIST_FILE = YES;
				IPHONEOS_DEPLOYMENT_TARGET = 16.2;
				MARKETING_VERSION = 1.0;
				PRODUCT_BUNDLE_IDENTIFIER = peteralt.TodosTests;
				PRODUCT_NAME = "$(TARGET_NAME)";
				SWIFT_EMIT_LOC_STRINGS = NO;
				SWIFT_VERSION = 5.0;
				TARGETED_DEVICE_FAMILY = "1,2";
				TEST_HOST = "$(BUILT_PRODUCTS_DIR)/Todos.app/$(BUNDLE_EXECUTABLE_FOLDER_PATH)/Todos";
			};
			name = Debug;
		};
		8A5428F829A56B390003482D /* Release */ = {
			isa = XCBuildConfiguration;
			buildSettings = {
				ALWAYS_EMBED_SWIFT_STANDARD_LIBRARIES = YES;
				BUNDLE_LOADER = "$(TEST_HOST)";
				CODE_SIGN_STYLE = Automatic;
				CURRENT_PROJECT_VERSION = 1;
				GENERATE_INFOPLIST_FILE = YES;
				IPHONEOS_DEPLOYMENT_TARGET = 16.2;
				MARKETING_VERSION = 1.0;
				PRODUCT_BUNDLE_IDENTIFIER = peteralt.TodosTests;
				PRODUCT_NAME = "$(TARGET_NAME)";
				SWIFT_EMIT_LOC_STRINGS = NO;
				SWIFT_VERSION = 5.0;
				TARGETED_DEVICE_FAMILY = "1,2";
				TEST_HOST = "$(BUILT_PRODUCTS_DIR)/Todos.app/$(BUNDLE_EXECUTABLE_FOLDER_PATH)/Todos";
			};
			name = Release;
		};
/* End XCBuildConfiguration section */

/* Begin XCConfigurationList section */
		8A5428CA29A56B380003482D /* Build configuration list for PBXProject "Todos" */ = {
			isa = XCConfigurationList;
			buildConfigurations = (
				8A5428F129A56B390003482D /* Debug */,
				8A5428F229A56B390003482D /* Release */,
			);
			defaultConfigurationIsVisible = 0;
			defaultConfigurationName = Release;
		};
		8A5428F329A56B390003482D /* Build configuration list for PBXNativeTarget "Todos" */ = {
			isa = XCConfigurationList;
			buildConfigurations = (
				8A5428F429A56B390003482D /* Debug */,
				8A5428F529A56B390003482D /* Release */,
			);
			defaultConfigurationIsVisible = 0;
			defaultConfigurationName = Release;
		};
		8A5428F629A56B390003482D /* Build configuration list for PBXNativeTarget "TodosTests" */ = {
			isa = XCConfigurationList;
			buildConfigurations = (
				8A5428F729A56B390003482D /* Debug */,
				8A5428F829A56B390003482D /* Release */,
			);
			defaultConfigurationIsVisible = 0;
			defaultConfigurationName = Release;
		};
/* End XCConfigurationList section */

/* Begin XCRemoteSwiftPackageReference section */
		8A5428FE29A570960003482D /* XCRemoteSwiftPackageReference "swift-identified-collections" */ = {
			isa = XCRemoteSwiftPackageReference;
			repositoryURL = "http://github.com/pointfreeco/swift-identified-collections";
			requirement = {
				kind = upToNextMajorVersion;
				minimumVersion = 0.7.0;
			};
		};
		8A54290129A574B40003482D /* XCRemoteSwiftPackageReference "swift-tagged" */ = {
			isa = XCRemoteSwiftPackageReference;
			repositoryURL = "http://github.com/pointfreeco/swift-tagged";
			requirement = {
				kind = upToNextMajorVersion;
				minimumVersion = 0.9.0;
			};
		};
/* End XCRemoteSwiftPackageReference section */

/* Begin XCSwiftPackageProductDependency section */
		8A5428FF29A570960003482D /* IdentifiedCollections */ = {
			isa = XCSwiftPackageProductDependency;
			package = 8A5428FE29A570960003482D /* XCRemoteSwiftPackageReference "swift-identified-collections" */;
			productName = IdentifiedCollections;
		};
		8A54290229A574B40003482D /* Tagged */ = {
			isa = XCSwiftPackageProductDependency;
			package = 8A54290129A574B40003482D /* XCRemoteSwiftPackageReference "swift-tagged" */;
			productName = Tagged;
		};
/* End XCSwiftPackageProductDependency section */
	};
	rootObject = 8A5428C729A56B380003482D /* Project object */;
}
